
Microsoft Visual Studio Solution File, Format Version 12.00
# Visual Studio Version 17
VisualStudioVersion = 17.6.33815.320
MinimumVisualStudioVersion = 10.0.40219.1
Project("{FAE04EC0-301F-11D3-BF4B-00C04F79EFBC}") = "Millionaire", "Millionaire\Millionaire.csproj", "{6551FF62-4BB4-4256-B4E3-CA775054546F}"
EndProject
Global
	GlobalSection(SolutionConfigurationPlatforms) = preSolution
		Debug|Any CPU = Debug|Any CPU
		Release|Any CPU = Release|Any CPU
	EndGlobalSection
	GlobalSection(ProjectConfigurationPlatforms) = postSolution
		{6551FF62-4BB4-4256-B4E3-CA775054546F}.Debug|Any CPU.ActiveCfg = Debug|Any CPU
		{6551FF62-4BB4-4256-B4E3-CA775054546F}.Debug|Any CPU.Build.0 = Debug|Any CPU
		{6551FF62-4BB4-4256-B4E3-CA775054546F}.Release|Any CPU.ActiveCfg = Release|Any CPU
		{6551FF62-4BB4-4256-B4E3-CA775054546F}.Release|Any CPU.Build.0 = Release|Any CPU
	EndGlobalSection
	GlobalSection(SolutionProperties) = preSolution
		HideSolutionNode = FALSE
	EndGlobalSection
	GlobalSection(ExtensibilityGlobals) = postSolution
		SolutionGuid = {A935B38B-25EF-4EE1-930B-2BDBFF8A2EE5}
	EndGlobalSection
EndGlobal
